
Microsoft Visual Studio Solution File, Format Version 12.00
# Visual Studio Version 17
VisualStudioVersion = 17.4.33213.308
MinimumVisualStudioVersion = 10.0.40219.1
Project("{FAE04EC0-301F-11D3-BF4B-00C04F79EFBC}") = "WebApplication1", "WebApplication1\WebApplication1.csproj", "{87439017-DD3E-4E07-A1DB-2B3EEE4524B3}"
EndProject
Global
	GlobalSection(SolutionConfigurationPlatforms) = preSolution
		Debug|Any CPU = Debug|Any CPU
		Release|Any CPU = Release|Any CPU
	EndGlobalSection
	GlobalSection(ProjectConfigurationPlatforms) = postSolution
		{87439017-DD3E-4E07-A1DB-2B3EEE4524B3}.Debug|Any CPU.ActiveCfg = Debug|Any CPU
		{87439017-DD3E-4E07-A1DB-2B3EEE4524B3}.Debug|Any CPU.Build.0 = Debug|Any CPU
		{87439017-DD3E-4E07-A1DB-2B3EEE4524B3}.Release|Any CPU.ActiveCfg = Release|Any CPU
		{87439017-DD3E-4E07-A1DB-2B3EEE4524B3}.Release|Any CPU.Build.0 = Release|Any CPU
	EndGlobalSection
	GlobalSection(SolutionProperties) = preSolution
		HideSolutionNode = FALSE
	EndGlobalSection
	GlobalSection(ExtensibilityGlobals) = postSolution
		SolutionGuid = {F714982B-10BD-421A-8248-B5F9DF994E93}
	EndGlobalSection
EndGlobal
